
Microsoft Visual Studio Solution File, Format Version 12.00
# Visual Studio 15
VisualStudioVersion = 15.0.28307.779
MinimumVisualStudioVersion = 10.0.40219.1
Project("{FAE04EC0-301F-11D3-BF4B-00C04F79EFBC}") = "OlineStoresScraper", "MainApp\OlineStoresScraper.csproj", "{D57E7059-7AD3-438D-B395-4A2E1A70CF34}"
EndProject
Project("{9A19103F-16F7-4668-BE54-9A1E7A4F7556}") = "ScrapingWrapper", "ScrapingWrapper\ScrapingWrapper.csproj", "{CC19D942-8939-46CF-B5E7-2E2679E2B99F}"
EndProject
Global
	GlobalSection(SolutionConfigurationPlatforms) = preSolution
		Debug|Any CPU = Debug|Any CPU
		Release|Any CPU = Release|Any CPU
	EndGlobalSection
	GlobalSection(ProjectConfigurationPlatforms) = postSolution
		{D57E7059-7AD3-438D-B395-4A2E1A70CF34}.Debug|Any CPU.ActiveCfg = Debug|Any CPU
		{D57E7059-7AD3-438D-B395-4A2E1A70CF34}.Debug|Any CPU.Build.0 = Debug|Any CPU
		{D57E7059-7AD3-438D-B395-4A2E1A70CF34}.Release|Any CPU.ActiveCfg = Release|Any CPU
		{D57E7059-7AD3-438D-B395-4A2E1A70CF34}.Release|Any CPU.Build.0 = Release|Any CPU
		{CC19D942-8939-46CF-B5E7-2E2679E2B99F}.Debug|Any CPU.ActiveCfg = Debug|Any CPU
		{CC19D942-8939-46CF-B5E7-2E2679E2B99F}.Debug|Any CPU.Build.0 = Debug|Any CPU
		{CC19D942-8939-46CF-B5E7-2E2679E2B99F}.Release|Any CPU.ActiveCfg = Release|Any CPU
		{CC19D942-8939-46CF-B5E7-2E2679E2B99F}.Release|Any CPU.Build.0 = Release|Any CPU
	EndGlobalSection
	GlobalSection(SolutionProperties) = preSolution
		HideSolutionNode = FALSE
	EndGlobalSection
	GlobalSection(ExtensibilityGlobals) = postSolution
		SolutionGuid = {E777C7D8-EC8D-46D9-ADBF-5DA48FE900C4}
	EndGlobalSection
EndGlobal
